
Microsoft Visual Studio Solution File, Format Version 12.00
# Visual Studio Version 17
VisualStudioVersion = 17.8.34511.84
MinimumVisualStudioVersion = 10.0.40219.1
Project("{9A19103F-16F7-4668-BE54-9A1E7A4F7556}") = "HW01", "HW01\HW01.csproj", "{92349D04-66D8-41CE-B255-C4D0C2102F01}"
EndProject
Project("{9A19103F-16F7-4668-BE54-9A1E7A4F7556}") = "HW02", "HW02\HW02.csproj", "{A42CE645-3CB7-4F05-9FD1-45CF9605C9B4}"
EndProject
Project("{9A19103F-16F7-4668-BE54-9A1E7A4F7556}") = "HW03", "HW03\HW03.csproj", "{21CD500B-42B8-4AC5-82B2-5B452B661E6A}"
EndProject
Project("{9A19103F-16F7-4668-BE54-9A1E7A4F7556}") = "HW04", "HW04\HW04.csproj", "{3E889CEC-9D03-4403-9810-31854C8C0697}"
EndProject
Project("{FAE04EC0-301F-11D3-BF4B-00C04F79EFBC}") = "HW05", "HW05\HW05.csproj", "{231CD21B-8483-413E-876D-45E96089365E}"
EndProject
Project("{FAE04EC0-301F-11D3-BF4B-00C04F79EFBC}") = "HW06", "HW06\HW06.csproj", "{37ADACC2-3A93-445D-8C57-C92D0CF517A4}"
EndProject
Project("{FAE04EC0-301F-11D3-BF4B-00C04F79EFBC}") = "HW07", "HW07\HW07.csproj", "{5DD9D83C-3964-4471-BBE0-EA245625DA5F}"
EndProject
Project("{FAE04EC0-301F-11D3-BF4B-00C04F79EFBC}") = "HW08", "HW08\HW08.csproj", "{41F89CA2-376A-4D99-B50F-56241E00E043}"
EndProject
Project("{FAE04EC0-301F-11D3-BF4B-00C04F79EFBC}") = "HW09", "HW09\HW09.csproj", "{02DC72E9-E2D6-4D64-A5C6-35D51132A382}"
EndProject
Project("{FAE04EC0-301F-11D3-BF4B-00C04F79EFBC}") = "HW10", "HW10\HW10.csproj", "{50B52BA8-1D82-4306-9B58-A82135038973}"
EndProject
Global
	GlobalSection(SolutionConfigurationPlatforms) = preSolution
		Debug|Any CPU = Debug|Any CPU
		Release|Any CPU = Release|Any CPU
	EndGlobalSection
	GlobalSection(ProjectConfigurationPlatforms) = postSolution
		{92349D04-66D8-41CE-B255-C4D0C2102F01}.Debug|Any CPU.ActiveCfg = Debug|Any CPU
		{92349D04-66D8-41CE-B255-C4D0C2102F01}.Debug|Any CPU.Build.0 = Debug|Any CPU
		{92349D04-66D8-41CE-B255-C4D0C2102F01}.Release|Any CPU.ActiveCfg = Release|Any CPU
		{92349D04-66D8-41CE-B255-C4D0C2102F01}.Release|Any CPU.Build.0 = Release|Any CPU
		{A42CE645-3CB7-4F05-9FD1-45CF9605C9B4}.Debug|Any CPU.ActiveCfg = Debug|Any CPU
		{A42CE645-3CB7-4F05-9FD1-45CF9605C9B4}.Debug|Any CPU.Build.0 = Debug|Any CPU
		{A42CE645-3CB7-4F05-9FD1-45CF9605C9B4}.Release|Any CPU.ActiveCfg = Release|Any CPU
		{A42CE645-3CB7-4F05-9FD1-45CF9605C9B4}.Release|Any CPU.Build.0 = Release|Any CPU
		{21CD500B-42B8-4AC5-82B2-5B452B661E6A}.Debug|Any CPU.ActiveCfg = Debug|Any CPU
		{21CD500B-42B8-4AC5-82B2-5B452B661E6A}.Debug|Any CPU.Build.0 = Debug|Any CPU
		{21CD500B-42B8-4AC5-82B2-5B452B661E6A}.Release|Any CPU.ActiveCfg = Release|Any CPU
		{21CD500B-42B8-4AC5-82B2-5B452B661E6A}.Release|Any CPU.Build.0 = Release|Any CPU
		{3E889CEC-9D03-4403-9810-31854C8C0697}.Debug|Any CPU.ActiveCfg = Debug|Any CPU
		{3E889CEC-9D03-4403-9810-31854C8C0697}.Debug|Any CPU.Build.0 = Debug|Any CPU
		{3E889CEC-9D03-4403-9810-31854C8C0697}.Release|Any CPU.ActiveCfg = Release|Any CPU
		{3E889CEC-9D03-4403-9810-31854C8C0697}.Release|Any CPU.Build.0 = Release|Any CPU
		{231CD21B-8483-413E-876D-45E96089365E}.Debug|Any CPU.ActiveCfg = Debug|Any CPU
		{231CD21B-8483-413E-876D-45E96089365E}.Debug|Any CPU.Build.0 = Debug|Any CPU
		{231CD21B-8483-413E-876D-45E96089365E}.Release|Any CPU.ActiveCfg = Release|Any CPU
		{231CD21B-8483-413E-876D-45E96089365E}.Release|Any CPU.Build.0 = Release|Any CPU
		{37ADACC2-3A93-445D-8C57-C92D0CF517A4}.Debug|Any CPU.ActiveCfg = Debug|Any CPU
		{37ADACC2-3A93-445D-8C57-C92D0CF517A4}.Debug|Any CPU.Build.0 = Debug|Any CPU
		{37ADACC2-3A93-445D-8C57-C92D0CF517A4}.Release|Any CPU.ActiveCfg = Release|Any CPU
		{37ADACC2-3A93-445D-8C57-C92D0CF517A4}.Release|Any CPU.Build.0 = Release|Any CPU
		{5DD9D83C-3964-4471-BBE0-EA245625DA5F}.Debug|Any CPU.ActiveCfg = Debug|Any CPU
		{5DD9D83C-3964-4471-BBE0-EA245625DA5F}.Debug|Any CPU.Build.0 = Debug|Any CPU
		{5DD9D83C-3964-4471-BBE0-EA245625DA5F}.Release|Any CPU.ActiveCfg = Release|Any CPU
		{5DD9D83C-3964-4471-BBE0-EA245625DA5F}.Release|Any CPU.Build.0 = Release|Any CPU
		{41F89CA2-376A-4D99-B50F-56241E00E043}.Debug|Any CPU.ActiveCfg = Debug|Any CPU
		{41F89CA2-376A-4D99-B50F-56241E00E043}.Debug|Any CPU.Build.0 = Debug|Any CPU
		{41F89CA2-376A-4D99-B50F-56241E00E043}.Release|Any CPU.ActiveCfg = Release|Any CPU
		{41F89CA2-376A-4D99-B50F-56241E00E043}.Release|Any CPU.Build.0 = Release|Any CPU
		{02DC72E9-E2D6-4D64-A5C6-35D51132A382}.Debug|Any CPU.ActiveCfg = Debug|Any CPU
		{02DC72E9-E2D6-4D64-A5C6-35D51132A382}.Debug|Any CPU.Build.0 = Debug|Any CPU
		{02DC72E9-E2D6-4D64-A5C6-35D51132A382}.Release|Any CPU.ActiveCfg = Release|Any CPU
		{02DC72E9-E2D6-4D64-A5C6-35D51132A382}.Release|Any CPU.Build.0 = Release|Any CPU
		{50B52BA8-1D82-4306-9B58-A82135038973}.Debug|Any CPU.ActiveCfg = Debug|Any CPU
		{50B52BA8-1D82-4306-9B58-A82135038973}.Debug|Any CPU.Build.0 = Debug|Any CPU
		{50B52BA8-1D82-4306-9B58-A82135038973}.Release|Any CPU.ActiveCfg = Release|Any CPU
		{50B52BA8-1D82-4306-9B58-A82135038973}.Release|Any CPU.Build.0 = Release|Any CPU
	EndGlobalSection
	GlobalSection(SolutionProperties) = preSolution
		HideSolutionNode = FALSE
	EndGlobalSection
	GlobalSection(ExtensibilityGlobals) = postSolution
		SolutionGuid = {A9A01EB5-5D23-43EA-ADED-AA80C6B3AEA1}
	EndGlobalSection
EndGlobal
